
Microsoft Visual Studio Solution File, Format Version 12.00
# Visual Studio Version 16
VisualStudioVersion = 16.0.31729.503
MinimumVisualStudioVersion = 10.0.40219.1
Project("{FAE04EC0-301F-11D3-BF4B-00C04F79EFBC}") = "Prueba6", "Prueba6.csproj", "{DCE21693-C0A8-464F-BCA6-F5006753AC51}"
EndProject
Global
	GlobalSection(SolutionConfigurationPlatforms) = preSolution
		Debug|Any CPU = Debug|Any CPU
		Release|Any CPU = Release|Any CPU
	EndGlobalSection
	GlobalSection(ProjectConfigurationPlatforms) = postSolution
		{DCE21693-C0A8-464F-BCA6-F5006753AC51}.Debug|Any CPU.ActiveCfg = Debug|Any CPU
		{DCE21693-C0A8-464F-BCA6-F5006753AC51}.Debug|Any CPU.Build.0 = Debug|Any CPU
		{DCE21693-C0A8-464F-BCA6-F5006753AC51}.Release|Any CPU.ActiveCfg = Release|Any CPU
		{DCE21693-C0A8-464F-BCA6-F5006753AC51}.Release|Any CPU.Build.0 = Release|Any CPU
	EndGlobalSection
	GlobalSection(SolutionProperties) = preSolution
		HideSolutionNode = FALSE
	EndGlobalSection
	GlobalSection(ExtensibilityGlobals) = postSolution
		SolutionGuid = {4617E7D4-69E3-4D66-84B3-87E2ED641ACB}
	EndGlobalSection
EndGlobal
